
Microsoft Visual Studio Solution File, Format Version 12.00
# Visual Studio Version 16
VisualStudioVersion = 16.0.30104.148
MinimumVisualStudioVersion = 10.0.40219.1
Project("{9A19103F-16F7-4668-BE54-9A1E7A4F7556}") = "ConsoleDDI", "ConsoleDDI.csproj", "{DE6F1D56-0052-4F72-A86F-EFB9A10C450D}"
EndProject
Project("{FAE04EC0-301F-11D3-BF4B-00C04F79EFBC}") = "DDILibrary", "..\DDILibrary\DDILibrary.csproj", "{1F904457-EB8B-4D45-94B6-3BDCD3104E32}"
EndProject
Global
	GlobalSection(SolutionConfigurationPlatforms) = preSolution
		Debug|Any CPU = Debug|Any CPU
		Release|Any CPU = Release|Any CPU
	EndGlobalSection
	GlobalSection(ProjectConfigurationPlatforms) = postSolution
		{DE6F1D56-0052-4F72-A86F-EFB9A10C450D}.Debug|Any CPU.ActiveCfg = Debug|Any CPU
		{DE6F1D56-0052-4F72-A86F-EFB9A10C450D}.Debug|Any CPU.Build.0 = Debug|Any CPU
		{DE6F1D56-0052-4F72-A86F-EFB9A10C450D}.Release|Any CPU.ActiveCfg = Release|Any CPU
		{DE6F1D56-0052-4F72-A86F-EFB9A10C450D}.Release|Any CPU.Build.0 = Release|Any CPU
		{1F904457-EB8B-4D45-94B6-3BDCD3104E32}.Debug|Any CPU.ActiveCfg = Debug|Any CPU
		{1F904457-EB8B-4D45-94B6-3BDCD3104E32}.Debug|Any CPU.Build.0 = Debug|Any CPU
		{1F904457-EB8B-4D45-94B6-3BDCD3104E32}.Release|Any CPU.ActiveCfg = Release|Any CPU
		{1F904457-EB8B-4D45-94B6-3BDCD3104E32}.Release|Any CPU.Build.0 = Release|Any CPU
	EndGlobalSection
	GlobalSection(SolutionProperties) = preSolution
		HideSolutionNode = FALSE
	EndGlobalSection
	GlobalSection(ExtensibilityGlobals) = postSolution
		SolutionGuid = {97A84649-08BB-46F9-8458-5A3604426ACC}
	EndGlobalSection
EndGlobal
